github.com/bits-and-blooms/bitset v1.24.3 h1:Bte86SlO3lwPQqww+7BE9ZuUCKIjfqnG5jtEyqA9y9Y=
github.com/bits-and-blooms/bitset v1.24.3/go.mod h1:7hO7Gc7Pp1vODcmWvKMRA9BNmbv6a/7QIWpPxHddWR8=
github.com/google/go-cmp v0.7.0 h1:wk8382ETsv4JYUZwIsn6YpYiWiBsYLSJiTsyBybVuN8=
github.com/google/go-cmp v0.7.0/go.mod h1:pXiqmnSA92OHEEa9HXL2W4E7lf9JzCmGVUdgjX3N/iU=
github.com/hashicorp/golang-lru/v2 v2.0.7 h1:a+bsQ5rvGLjzHuww6tVxozPZFVghXaHOwFs4luLUK2k=
github.com/hashicorp/golang-lru/v2 v2.0.7/go.mod h1:QeFd9opnmA6QUJc5vARoKUSoFhyfM2/ZepoAG6RGpeM=
github.com/klauspost/compress v1.18.1 h1:bcSGx7UbpBqMChDtsF28Lw6v/G94LPrrbMbdC3JH2co=
github.com/klauspost/compress v1.18.1/go.mod h1:ZQFFVG+MdnR0P+l6wpXgIL4NTtwiKIdBnrBd8Nrxr+0=
github.com/spf13/afero v1.15.0 h1:b/YBCLWAJdFWJTN9cLhiXXcD7mzKn9Dm86dNnfyQw1I=
github.com/spf13/afero v1.15.0/go.mod h1:NC2ByUVxtQs4b3sIUphxK0NioZnmxgyCrfzeuq8lxMg=
github.com/yehan2002/errors v1.5.4 h1:P6PTSO5sx2TCpLSIeDlsb27NQuIrKeSrWpS0jM7L1f4=
github.com/yehan2002/errors v1.5.4/go.mod h1:qYwLUY0Z1evFblp4Z2tS1S0t2jGCvhgK8umXrsn5acQ=
github.com/yehan2002/fastbytes/v2 v2.3.0 h1:vS5GEvXdOkxiYhsnf4OVn8DuMb0qDFpK3wCduw0cUa4=
github.com/yehan2002/fastbytes/v2 v2.3.0/go.mod h1:4RhSWhTS0wtsNgOBdADGLkUkeUSqv+gILPWiI6x+Vz4=
github.com/yehan2002/is/v2 v2.5.0 h1:9g+DsQ9KkUk3cxgjZaJlg0GY1CHFJPBdGICtpFK2VLk=
github.com/yehan2002/is/v2 v2.5.0/go.mod h1:/U2ZGGpRXxGu9xuDWv+r1txFZQV/JPRNat5AH8SN1ho=
golang.org/x/sys v0.29.0 h1:TPYlXGxvx1MGTn2GiZDhnjPA9wZzZeGKHHmKhHYvgaU=
golang.org/x/sys v0.29.0/go.mod h1:/VUhepiaJMQUp4+oa/7Zr1D23ma6VTLIYjOOTFZPUcA=
golang.org/x/text v0.28.0 h1:rhazDwis8INMIwQ4tpjLDzUhx6RlXqZNPEM0huQojng=
golang.org/x/text v0.28.0/go.mod h1:U8nCwOR8jO/marOQ0QbDiOngZVEBB7MAiitBuMjXiNU=
